
Microsoft Visual Studio Solution File, Format Version 12.00
# Visual Studio Version 17
VisualStudioVersion = 17.5.33424.131
MinimumVisualStudioVersion = 10.0.40219.1
Project("{FAE04EC0-301F-11D3-BF4B-00C04F79EFBC}") = "codehacks-durable-function-demo", "codehacks-durable-function-demo.csproj", "{6EDDDBA9-5113-44F1-8BC7-FA57968088B4}"
EndProject
Global
	GlobalSection(SolutionConfigurationPlatforms) = preSolution
		Debug|Any CPU = Debug|Any CPU
		Release|Any CPU = Release|Any CPU
	EndGlobalSection
	GlobalSection(ProjectConfigurationPlatforms) = postSolution
		{6EDDDBA9-5113-44F1-8BC7-FA57968088B4}.Debug|Any CPU.ActiveCfg = Debug|Any CPU
		{6EDDDBA9-5113-44F1-8BC7-FA57968088B4}.Debug|Any CPU.Build.0 = Debug|Any CPU
		{6EDDDBA9-5113-44F1-8BC7-FA57968088B4}.Release|Any CPU.ActiveCfg = Release|Any CPU
		{6EDDDBA9-5113-44F1-8BC7-FA57968088B4}.Release|Any CPU.Build.0 = Release|Any CPU
	EndGlobalSection
	GlobalSection(SolutionProperties) = preSolution
		HideSolutionNode = FALSE
	EndGlobalSection
	GlobalSection(ExtensibilityGlobals) = postSolution
		SolutionGuid = {1B9461D7-B129-4904-A378-7E1B61847BA8}
	EndGlobalSection
EndGlobal
